{
  "originHash" : "8f41067740b6399ffc93220974bde95c34fe4fe411e2dc043beb699efc0e7d84",
  "pins" : [
    {
      "identity" : "iqkeyboardcore",
      "kind" : "remoteSourceControl",
      "location" : "https://github.com/hackiftekhar/IQKeyboardCore.git",
      "state" : {
        "revision" : "ae9d197f1d8c491b312e30eafb0193d164519c5a",
        "version" : "1.0.7"
      }
    },
    {
      "identity" : "iqkeyboardmanager",
      "kind" : "remoteSourceControl",
      "location" : "https://github.com/hackiftekhar/IQKeyboardManager.git",
      "state" : {
        "revision" : "42e0d94355eba5448fd250f7229d150d268dc3ab",
        "version" : "8.0.0"
      }
    },
    {
      "identity" : "iqkeyboardnotification",
      "kind" : "remoteSourceControl",
      "location" : "https://github.com/hackiftekhar/IQKeyboardNotification.git",
      "state" : {
        "revision" : "25c6a83380042141d9a2f80cdb2832595a7bf6bc",
        "version" : "1.0.5"
      }
    },
    {
      "identity" : "iqkeyboardreturnmanager",
      "kind" : "remoteSourceControl",
      "location" : "https://github.com/hackiftekhar/IQKeyboardReturnManager.git",
      "state" : {
        "revision" : "bc5c272e4d37cc217a3d10d052557a1916c09cf9",
        "version" : "1.0.5"
      }
    },
    {
      "identity" : "iqkeyboardtoolbar",
      "kind" : "remoteSourceControl",
      "location" : "https://github.com/hackiftekhar/IQKeyboardToolbar.git",
      "state" : {
        "revision" : "78ccb63857a03334ecfcba566f8f504015965ee3",
        "version" : "1.1.1"
      }
    },
    {
      "identity" : "iqkeyboardtoolbarmanager",
      "kind" : "remoteSourceControl",
      "location" : "https://github.com/hackiftekhar/IQKeyboardToolbarManager.git",
      "state" : {
        "revision" : "ec26659062e6b9bc65e26643269f38eca46846d7",
        "version" : "1.1.3"
      }
    },
    {
      "identity" : "iqtextinputviewnotification",
      "kind" : "remoteSourceControl",
      "location" : "https://github.com/hackiftekhar/IQTextInputViewNotification.git",
      "state" : {
        "revision" : "4347f8eb6bf8880014606684105e447229cc29ea",
        "version" : "1.0.8"
      }
    },
    {
      "identity" : "iqtextview",
      "kind" : "remoteSourceControl",
      "location" : "https://github.com/hackiftekhar/IQTextView.git",
      "state" : {
        "revision" : "76f514eba5218bdf67659168ba227c77da5f75fe",
        "version" : "1.0.5"
      }
    }
  ],
  "version" : 3
}
